hash: 465234515d8d4d58797d120e18899a83c3b660fc031cca78bbd93ec4ace4dd3a
updated: 2019-12-12T10:28:48.579109-03:00
imports:
- name: github.com/alecthomas/template
  version: fb15b899a75114aa79cc930e33c46b577cc664b1
  subpackages:
  - parse
- name: github.com/fsnotify/fsnotify
  version: 1485a34d5d5723fea214f5710708e19a831720e4
- name: github.com/go-openapi/jsonpointer
  version: ed123515f087412cd7ef02e49b0b0a5e6a79a360
- name: github.com/go-openapi/jsonreference
  version: 82f31475a8f7a12bc26962f6e26ceade8ea6f66a
- name: github.com/go-openapi/spec
  version: 772572fd19ebcc983369e53bfaed4bde2077fe0c
- name: github.com/go-openapi/swag
  version: 8a84ec635f1b280a7062edeab609f0667a053248
- name: github.com/gorilla/mux
  version: 00bdffe0f3c77e27d2cf6f5c70232a2d3e4d9c15
- name: github.com/hashicorp/hcl
  version: cf7d376da96d9cecec7c7483cec2735efe54a410
  subpackages:
  - hcl/ast
  - hcl/parser
  - hcl/printer
  - hcl/scanner
  - hcl/strconv
  - hcl/token
  - json/parser
  - json/scanner
  - json/token
- name: github.com/konsorten/go-windows-terminal-sequences
  version: f55edac94c9bbba5d6182a4be46d86a2c9b5b50e
- name: github.com/KyleBanks/depth
  version: b7f67b6d8d5f169cc58aa195df333dc0b353d6b3
- name: github.com/magiconair/properties
  version: de8848e004dd33dc07a2947b3d76f618a7fc7ef1
- name: github.com/mailru/easyjson
  version: 4a28c93cedfd643c29df9591ffc9b54761e23f6d
  subpackages:
  - buffer
  - jlexer
  - jwriter
- name: github.com/mitchellh/mapstructure
  version: 3536a929edddb9a5b34bd6861dc4a9647cb459fe
- name: github.com/pelletier/go-toml
  version: 84da2c4a25c585816f2c4211b699228d111d18ab
- name: github.com/PuerkitoBio/purell
  version: 44968752391892e1b0d0b821ee79e9a85fa13049
- name: github.com/PuerkitoBio/urlesc
  version: de5bf2ad457846296e2031421a34e2568e304e35
- name: github.com/sirupsen/logrus
  version: 67a7fdcf741f4d5cee82cb9800994ccfd4393ad0
- name: github.com/spf13/afero
  version: 588a75ec4f32903aa5e39a2619ba6a4631e28424
  subpackages:
  - mem
- name: github.com/spf13/cast
  version: c01685bb8421cecb276fa517e91f757215f980b3
- name: github.com/spf13/jwalterweatherman
  version: 94f6ae3ed3bceceafa716478c5fbf8d29ca601a1
- name: github.com/spf13/pflag
  version: 24fa6976df40757dce6aea913e7b81ade90530e1
- name: github.com/spf13/viper
  version: b5bf975e5823809fb22c7644d008757f78a4259e
- name: github.com/streadway/amqp
  version: edfb9018d2714e4ec54dbaba37dbfef2bdadf0e4
- name: github.com/stretchr/testify
  version: 221dbe5ed46703ee255b1da0dec05086f5035f62
  subpackages:
  - assert
  - mock
- name: github.com/swaggo/files
  version: 630677cd5c140664e2ff6b53e75c289877268c69
- name: github.com/swaggo/http-swagger
  version: c2865af9083e2d95ea55cd2734c03f7f81030cea
- name: github.com/swaggo/swag
  version: c9f403a30434dc43903a02f80bcf736f11169a86
- name: golang.org/x/net
  version: c0dbc17a35534bf2e581d7a942408dc936316da4
  subpackages:
  - idna
  - webdav
  - webdav/internal/xml
- name: golang.org/x/sys
  version: 51ab0e2deafac1f46c46ad59cf0921be2f180c3d
  subpackages:
  - unix
- name: golang.org/x/text
  version: 342b2e1fbaa52c93f31447ad2c6abc048c63e475
  subpackages:
  - secure/bidirule
  - transform
  - unicode/bidi
  - unicode/norm
  - width
- name: golang.org/x/tools
  version: 825cb0626375eeecd4d401e7f1653c1ec405d2c8
  subpackages:
  - go/ast/astutil
  - go/buildutil
  - go/internal/cgo
  - go/loader
- name: gopkg.in/cenkalti/backoff.v3
  version: 1ff1c09ea627d2be64cea605afa999c582c7cd01
- name: gopkg.in/yaml.v2
  version: 51d6538a90f86fe93ac480b35f37b2be17fef232
testImports:
- name: github.com/davecgh/go-spew
  version: d8f796af33cc11cb798c1aaeb27a4ebc5099927d
  subpackages:
  - spew
- name: github.com/pmezard/go-difflib
  version: 5d4384ee4fb2527b0a1256a821ebfc92f91efefc
  subpackages:
  - difflib
- name: github.com/stretchr/objx
  version: 35313a95ee26395aa17d366c71a2ccf788fa69b6
